
Microsoft Visual Studio Solution File, Format Version 12.00
# Visual Studio 15
VisualStudioVersion = 15.0.27703.2042
MinimumVisualStudioVersion = 10.0.40219.1
Project("{FAE04EC0-301F-11D3-BF4B-00C04F79EFBC}") = "Snake", "Snake\Snake.csproj", "{F6674D4E-A49C-462C-BB53-AC24E19A45D9}"
EndProject
Global
	GlobalSection(SolutionConfigurationPlatforms) = preSolution
		Debug|Any CPU = Debug|Any CPU
		Release|Any CPU = Release|Any CPU
	EndGlobalSection
	GlobalSection(ProjectConfigurationPlatforms) = postSolution
		{F6674D4E-A49C-462C-BB53-AC24E19A45D9}.Debug|Any CPU.ActiveCfg = Debug|Any CPU
		{F6674D4E-A49C-462C-BB53-AC24E19A45D9}.Debug|Any CPU.Build.0 = Debug|Any CPU
		{F6674D4E-A49C-462C-BB53-AC24E19A45D9}.Release|Any CPU.ActiveCfg = Release|Any CPU
		{F6674D4E-A49C-462C-BB53-AC24E19A45D9}.Release|Any CPU.Build.0 = Release|Any CPU
	EndGlobalSection
	GlobalSection(SolutionProperties) = preSolution
		HideSolutionNode = FALSE
	EndGlobalSection
	GlobalSection(ExtensibilityGlobals) = postSolution
		SolutionGuid = {2654793D-8366-45E2-BEF9-429BA0251CFD}
	EndGlobalSection
EndGlobal
